
Microsoft Visual Studio Solution File, Format Version 12.00
# Visual Studio 2015
Project("{FAE04EC0-301F-11D3-BF4B-00C04F79EFBC}") = "PunchClock.CSharp", "PunchClock.CSharp.csproj", "{6399B1CA-F67F-3244-5AA6-B35C9823253B}"
EndProject
Global
	GlobalSection(SolutionConfigurationPlatforms) = preSolution
		Debug|Any CPU = Debug|Any CPU
		Release|Any CPU = Release|Any CPU
	EndGlobalSection
	GlobalSection(ProjectConfigurationPlatforms) = postSolution
		{6399B1CA-F67F-3244-5AA6-B35C9823253B}.Debug|Any CPU.ActiveCfg = Debug|Any CPU
		{6399B1CA-F67F-3244-5AA6-B35C9823253B}.Debug|Any CPU.Build.0 = Debug|Any CPU
		{6399B1CA-F67F-3244-5AA6-B35C9823253B}.Release|Any CPU.ActiveCfg = Release|Any CPU
		{6399B1CA-F67F-3244-5AA6-B35C9823253B}.Release|Any CPU.Build.0 = Release|Any CPU
	EndGlobalSection
	GlobalSection(SolutionProperties) = preSolution
		HideSolutionNode = FALSE
	EndGlobalSection
EndGlobal
